<?xml version="1.0" encoding="utf-8"?>
<Project ToolsVersion="4.0" xmlns="http://schemas.microsoft.com/developer/msbuild/2003">
  <ItemGroup>
    <Filter Include="源文件">
      <UniqueIdentifier>{4FC737F1-C7A5-4376-A066-2A32D752A2FF}</UniqueIdentifier>
      <Extensions>cpp;c;cc;cxx;c++;cppm;ixx;def;odl;idl;hpj;bat;asm;asmx</Extensions>
    </Filter>
    <Filter Include="头文件">
      <UniqueIdentifier>{93995380-89BD-4b04-88EB-625FBE52EBFB}</UniqueIdentifier>
      <Extensions>h;hh;hpp;hxx;h++;hm;inl;inc;ipp;xsd</Extensions>
    </Filter>
    <Filter Include="资源文件">
      <UniqueIdentifier>{67DA6AB6-F800-4c08-8B7A-83BB121AAD01}</UniqueIdentifier>
      <Extensions>rc;ico;cur;bmp;dlg;rc2;rct;bin;rgs;gif;jpg;jpeg;jpe;resx;tiff;tif;png;wav;mfcribbon-ms</Extensions>
    </Filter>
    <Filter Include="头文件\util">
      <UniqueIdentifier>{e2bf1ed0-e607-4b9f-883a-798492887e6d}</UniqueIdentifier>
    </Filter>
    <Filter Include="头文件\nbs_cpp">
      <UniqueIdentifier>{a134413e-12ba-41b3-9418-6dcf1620d1e0}</UniqueIdentifier>
    </Filter>
  </ItemGroup>
  <ItemGroup>
    <ClInclude Include="util\CPP_Helper.h">
      <Filter>头文件\util</Filter>
    </ClInclude>
    <ClInclude Include="util\MyAssert.hpp">
      <Filter>头文件\util</Filter>
    </ClInclude>
    <ClInclude Include="util\CodeTimer.hpp">
      <Filter>头文件\util</Filter>
    </ClInclude>
    <ClInclude Include="..\include\nbs_cpp\NBS_CPP.hpp">
      <Filter>头文件\nbs_cpp</Filter>
    </ClInclude>
    <ClInclude Include="..\include\nbs_cpp\NBS_Endian.hpp">
      <Filter>头文件\nbs_cpp</Filter>
    </ClInclude>
  </ItemGroup>
  <ItemGroup>
    <ClCompile Include="main.cpp">
      <Filter>源文件</Filter>
    </ClCompile>
  </ItemGroup>
</Project>